
Microsoft Visual Studio Solution File, Format Version 12.00
# Visual Studio for Mac
Project("{FAE04EC0-301F-11D3-BF4B-00C04F79EFBC}") = "Assembly-CSharp", "Assembly-CSharp.csproj", "{ADDFCA85-174F-695C-40B7-0DAC59072C07}"
EndProject
Project("{FAE04EC0-301F-11D3-BF4B-00C04F79EFBC}") = "Assembly-CSharp-Editor", "Assembly-CSharp-Editor.csproj", "{68FF9DF1-0EC7-2A0B-7342-D75039A2FCFA}"
EndProject
Global
	GlobalSection(SolutionConfigurationPlatforms) = preSolution
		Debug|Any CPU = Debug|Any CPU
		Release|Any CPU = Release|Any CPU
	EndGlobalSection
	GlobalSection(ProjectConfigurationPlatforms) = postSolution
		{ADDFCA85-174F-695C-40B7-0DAC59072C07}.Debug|Any CPU.ActiveCfg = Debug|Any CPU
		{ADDFCA85-174F-695C-40B7-0DAC59072C07}.Debug|Any CPU.Build.0 = Debug|Any CPU
		{ADDFCA85-174F-695C-40B7-0DAC59072C07}.Release|Any CPU.ActiveCfg = Release|Any CPU
		{ADDFCA85-174F-695C-40B7-0DAC59072C07}.Release|Any CPU.Build.0 = Release|Any CPU
		{68FF9DF1-0EC7-2A0B-7342-D75039A2FCFA}.Debug|Any CPU.ActiveCfg = Debug|Any CPU
		{68FF9DF1-0EC7-2A0B-7342-D75039A2FCFA}.Debug|Any CPU.Build.0 = Debug|Any CPU
		{68FF9DF1-0EC7-2A0B-7342-D75039A2FCFA}.Release|Any CPU.ActiveCfg = Release|Any CPU
		{68FF9DF1-0EC7-2A0B-7342-D75039A2FCFA}.Release|Any CPU.Build.0 = Release|Any CPU
	EndGlobalSection
	GlobalSection(SolutionProperties) = preSolution
		HideSolutionNode = FALSE
	EndGlobalSection
EndGlobal
